
Microsoft Visual Studio Solution File, Format Version 12.00
# Visual Studio 14
VisualStudioVersion = 14.0.24720.0
MinimumVisualStudioVersion = 10.0.40219.1
Project("{FAE04EC0-301F-11D3-BF4B-00C04F79EFBC}") = "Lemonade.Tests", "tests\Lemonade.Tests\Lemonade.Tests.csproj", "{2AD17D00-0D39-409E-9ED7-AE3C259DE846}"
EndProject
Project("{2150E333-8FDC-42A3-9474-1A3956D46DE8}") = "Source", "Source", "{C92253CB-CC26-4544-9469-C7677DB42084}"
EndProject
Project("{2150E333-8FDC-42A3-9474-1A3956D46DE8}") = "Tests", "Tests", "{87416585-33B0-4DEE-A807-57F5FA129A34}"
EndProject
Project("{FAE04EC0-301F-11D3-BF4B-00C04F79EFBC}") = "Lemonade.Web", "src\Lemonade.Web\Lemonade.Web.csproj", "{F3F461B3-2FC8-4704-9A8E-7B9A490668C9}"
EndProject
Project("{FAE04EC0-301F-11D3-BF4B-00C04F79EFBC}") = "Lemonade.Web.Tests", "tests\Lemonade.Web.Tests\Lemonade.Web.Tests.csproj", "{712BC1A0-D0FD-44EE-8091-F1567EC5B0DE}"
EndProject
Project("{FAE04EC0-301F-11D3-BF4B-00C04F79EFBC}") = "Lemonade", "src\Lemonade\Lemonade.csproj", "{A5518007-A595-4C05-91C8-077FFCB17FC2}"
EndProject
Project("{2150E333-8FDC-42A3-9474-1A3956D46DE8}") = "Nuget", "Nuget", "{E5AABCAD-A86B-497A-A844-64DB72520FCE}"
	ProjectSection(SolutionItems) = preProject
		build.bat = build.bat
		src\Lemonade.nuspec = src\Lemonade.nuspec
		src\Lemonade.Sql.nuspec = src\Lemonade.Sql.nuspec
		src\Lemonade.Web.nuspec = src\Lemonade.Web.nuspec
		..\..\Users\chris\Desktop\nuget-icon.png = ..\..\Users\chris\Desktop\nuget-icon.png
	EndProjectSection
EndProject
Project("{FAE04EC0-301F-11D3-BF4B-00C04F79EFBC}") = "Lemonade.Sql", "src\Lemonade.Sql\Lemonade.Sql.csproj", "{06665811-5ED9-4088-81B2-805E80119772}"
EndProject
Project("{FAE04EC0-301F-11D3-BF4B-00C04F79EFBC}") = "Lemonade.Web.Contracts", "src\Lemonade.Web.Contracts\Lemonade.Web.Contracts.csproj", "{DF4CCA5C-FF05-4471-BF04-C4E36C7101D8}"
EndProject
Project("{FAE04EC0-301F-11D3-BF4B-00C04F79EFBC}") = "Lemonade.AcceptanceTests", "tests\Lemonade.AcceptanceTests\Lemonade.AcceptanceTests.csproj", "{512C5D36-27F0-4F72-9A19-3098BC8834BE}"
EndProject
Project("{FAE04EC0-301F-11D3-BF4B-00C04F79EFBC}") = "Lemonade.Sql.Tests", "tests\Lemonade.Sql.Tests\Lemonade.Sql.Tests.csproj", "{DEDDDAA6-E984-4E1C-B8F1-AC1991C56862}"
EndProject
Project("{FAE04EC0-301F-11D3-BF4B-00C04F79EFBC}") = "Lemonade.Builders", "tests\Lemonade.Builders\Lemonade.Builders.csproj", "{8E3AAD1A-238B-44B4-AB96-3E6C9B1313F1}"
EndProject
Project("{FAE04EC0-301F-11D3-BF4B-00C04F79EFBC}") = "Lemonade.Web.Host", "src\Lemonade.Web.Host\Lemonade.Web.Host.csproj", "{BBFBD9FF-4E2D-41E4-A8BD-AB482E0D7139}"
EndProject
Project("{FAE04EC0-301F-11D3-BF4B-00C04F79EFBC}") = "Lemonade.Data", "src\Lemonade.Data\Lemonade.Data.csproj", "{A9171A74-BFAD-4C2E-A8E2-54BC2BCE496C}"
EndProject
Project("{FAE04EC0-301F-11D3-BF4B-00C04F79EFBC}") = "Lemonade.Core", "src\Lemonade.Core\Lemonade.Core.csproj", "{EE4CB55F-6CFF-47E0-82B1-A2A6E0D9EECF}"
EndProject
Project("{FAE04EC0-301F-11D3-BF4B-00C04F79EFBC}") = "Lemonade.Web.Core", "src\Lemonade.Web.Core\Lemonade.Web.Core.csproj", "{8DC27E9B-C739-44D3-BCCE-5545CFCA8098}"
EndProject
Global
	GlobalSection(SolutionConfigurationPlatforms) = preSolution
		Debug|Any CPU = Debug|Any CPU
		Release|Any CPU = Release|Any CPU
	EndGlobalSection
	GlobalSection(ProjectConfigurationPlatforms) = postSolution
		{2AD17D00-0D39-409E-9ED7-AE3C259DE846}.Debug|Any CPU.ActiveCfg = Debug|Any CPU
		{2AD17D00-0D39-409E-9ED7-AE3C259DE846}.Debug|Any CPU.Build.0 = Debug|Any CPU
		{2AD17D00-0D39-409E-9ED7-AE3C259DE846}.Release|Any CPU.ActiveCfg = Release|Any CPU
		{2AD17D00-0D39-409E-9ED7-AE3C259DE846}.Release|Any CPU.Build.0 = Release|Any CPU
		{F3F461B3-2FC8-4704-9A8E-7B9A490668C9}.Debug|Any CPU.ActiveCfg = Debug|Any CPU
		{F3F461B3-2FC8-4704-9A8E-7B9A490668C9}.Debug|Any CPU.Build.0 = Debug|Any CPU
		{F3F461B3-2FC8-4704-9A8E-7B9A490668C9}.Release|Any CPU.ActiveCfg = Release|Any CPU
		{F3F461B3-2FC8-4704-9A8E-7B9A490668C9}.Release|Any CPU.Build.0 = Release|Any CPU
		{712BC1A0-D0FD-44EE-8091-F1567EC5B0DE}.Debug|Any CPU.ActiveCfg = Debug|Any CPU
		{712BC1A0-D0FD-44EE-8091-F1567EC5B0DE}.Debug|Any CPU.Build.0 = Debug|Any CPU
		{712BC1A0-D0FD-44EE-8091-F1567EC5B0DE}.Release|Any CPU.ActiveCfg = Release|Any CPU
		{712BC1A0-D0FD-44EE-8091-F1567EC5B0DE}.Release|Any CPU.Build.0 = Release|Any CPU
		{A5518007-A595-4C05-91C8-077FFCB17FC2}.Debug|Any CPU.ActiveCfg = Debug|Any CPU
		{A5518007-A595-4C05-91C8-077FFCB17FC2}.Debug|Any CPU.Build.0 = Debug|Any CPU
		{A5518007-A595-4C05-91C8-077FFCB17FC2}.Release|Any CPU.ActiveCfg = Release|Any CPU
		{A5518007-A595-4C05-91C8-077FFCB17FC2}.Release|Any CPU.Build.0 = Release|Any CPU
		{06665811-5ED9-4088-81B2-805E80119772}.Debug|Any CPU.ActiveCfg = Debug|Any CPU
		{06665811-5ED9-4088-81B2-805E80119772}.Debug|Any CPU.Build.0 = Debug|Any CPU
		{06665811-5ED9-4088-81B2-805E80119772}.Release|Any CPU.ActiveCfg = Release|Any CPU
		{06665811-5ED9-4088-81B2-805E80119772}.Release|Any CPU.Build.0 = Release|Any CPU
		{DF4CCA5C-FF05-4471-BF04-C4E36C7101D8}.Debug|Any CPU.ActiveCfg = Debug|Any CPU
		{DF4CCA5C-FF05-4471-BF04-C4E36C7101D8}.Debug|Any CPU.Build.0 = Debug|Any CPU
		{DF4CCA5C-FF05-4471-BF04-C4E36C7101D8}.Release|Any CPU.ActiveCfg = Release|Any CPU
		{DF4CCA5C-FF05-4471-BF04-C4E36C7101D8}.Release|Any CPU.Build.0 = Release|Any CPU
		{512C5D36-27F0-4F72-9A19-3098BC8834BE}.Debug|Any CPU.ActiveCfg = Debug|Any CPU
		{512C5D36-27F0-4F72-9A19-3098BC8834BE}.Debug|Any CPU.Build.0 = Debug|Any CPU
		{512C5D36-27F0-4F72-9A19-3098BC8834BE}.Release|Any CPU.ActiveCfg = Release|Any CPU
		{512C5D36-27F0-4F72-9A19-3098BC8834BE}.Release|Any CPU.Build.0 = Release|Any CPU
		{DEDDDAA6-E984-4E1C-B8F1-AC1991C56862}.Debug|Any CPU.ActiveCfg = Debug|Any CPU
		{DEDDDAA6-E984-4E1C-B8F1-AC1991C56862}.Debug|Any CPU.Build.0 = Debug|Any CPU
		{DEDDDAA6-E984-4E1C-B8F1-AC1991C56862}.Release|Any CPU.ActiveCfg = Release|Any CPU
		{DEDDDAA6-E984-4E1C-B8F1-AC1991C56862}.Release|Any CPU.Build.0 = Release|Any CPU
		{8E3AAD1A-238B-44B4-AB96-3E6C9B1313F1}.Debug|Any CPU.ActiveCfg = Debug|Any CPU
		{8E3AAD1A-238B-44B4-AB96-3E6C9B1313F1}.Debug|Any CPU.Build.0 = Debug|Any CPU
		{8E3AAD1A-238B-44B4-AB96-3E6C9B1313F1}.Release|Any CPU.ActiveCfg = Release|Any CPU
		{8E3AAD1A-238B-44B4-AB96-3E6C9B1313F1}.Release|Any CPU.Build.0 = Release|Any CPU
		{BBFBD9FF-4E2D-41E4-A8BD-AB482E0D7139}.Debug|Any CPU.ActiveCfg = Debug|Any CPU
		{BBFBD9FF-4E2D-41E4-A8BD-AB482E0D7139}.Debug|Any CPU.Build.0 = Debug|Any CPU
		{BBFBD9FF-4E2D-41E4-A8BD-AB482E0D7139}.Release|Any CPU.ActiveCfg = Release|Any CPU
		{BBFBD9FF-4E2D-41E4-A8BD-AB482E0D7139}.Release|Any CPU.Build.0 = Release|Any CPU
		{A9171A74-BFAD-4C2E-A8E2-54BC2BCE496C}.Debug|Any CPU.ActiveCfg = Debug|Any CPU
		{A9171A74-BFAD-4C2E-A8E2-54BC2BCE496C}.Debug|Any CPU.Build.0 = Debug|Any CPU
		{A9171A74-BFAD-4C2E-A8E2-54BC2BCE496C}.Release|Any CPU.ActiveCfg = Release|Any CPU
		{A9171A74-BFAD-4C2E-A8E2-54BC2BCE496C}.Release|Any CPU.Build.0 = Release|Any CPU
		{EE4CB55F-6CFF-47E0-82B1-A2A6E0D9EECF}.Debug|Any CPU.ActiveCfg = Debug|Any CPU
		{EE4CB55F-6CFF-47E0-82B1-A2A6E0D9EECF}.Debug|Any CPU.Build.0 = Debug|Any CPU
		{EE4CB55F-6CFF-47E0-82B1-A2A6E0D9EECF}.Release|Any CPU.ActiveCfg = Release|Any CPU
		{EE4CB55F-6CFF-47E0-82B1-A2A6E0D9EECF}.Release|Any CPU.Build.0 = Release|Any CPU
		{8DC27E9B-C739-44D3-BCCE-5545CFCA8098}.Debug|Any CPU.ActiveCfg = Debug|Any CPU
		{8DC27E9B-C739-44D3-BCCE-5545CFCA8098}.Debug|Any CPU.Build.0 = Debug|Any CPU
		{8DC27E9B-C739-44D3-BCCE-5545CFCA8098}.Release|Any CPU.ActiveCfg = Release|Any CPU
		{8DC27E9B-C739-44D3-BCCE-5545CFCA8098}.Release|Any CPU.Build.0 = Release|Any CPU
	EndGlobalSection
	GlobalSection(SolutionProperties) = preSolution
		HideSolutionNode = FALSE
	EndGlobalSection
	GlobalSection(NestedProjects) = preSolution
		{2AD17D00-0D39-409E-9ED7-AE3C259DE846} = {87416585-33B0-4DEE-A807-57F5FA129A34}
		{F3F461B3-2FC8-4704-9A8E-7B9A490668C9} = {C92253CB-CC26-4544-9469-C7677DB42084}
		{712BC1A0-D0FD-44EE-8091-F1567EC5B0DE} = {87416585-33B0-4DEE-A807-57F5FA129A34}
		{A5518007-A595-4C05-91C8-077FFCB17FC2} = {C92253CB-CC26-4544-9469-C7677DB42084}
		{06665811-5ED9-4088-81B2-805E80119772} = {C92253CB-CC26-4544-9469-C7677DB42084}
		{DF4CCA5C-FF05-4471-BF04-C4E36C7101D8} = {C92253CB-CC26-4544-9469-C7677DB42084}
		{512C5D36-27F0-4F72-9A19-3098BC8834BE} = {87416585-33B0-4DEE-A807-57F5FA129A34}
		{DEDDDAA6-E984-4E1C-B8F1-AC1991C56862} = {87416585-33B0-4DEE-A807-57F5FA129A34}
		{8E3AAD1A-238B-44B4-AB96-3E6C9B1313F1} = {87416585-33B0-4DEE-A807-57F5FA129A34}
		{BBFBD9FF-4E2D-41E4-A8BD-AB482E0D7139} = {C92253CB-CC26-4544-9469-C7677DB42084}
		{A9171A74-BFAD-4C2E-A8E2-54BC2BCE496C} = {C92253CB-CC26-4544-9469-C7677DB42084}
		{EE4CB55F-6CFF-47E0-82B1-A2A6E0D9EECF} = {C92253CB-CC26-4544-9469-C7677DB42084}
		{8DC27E9B-C739-44D3-BCCE-5545CFCA8098} = {C92253CB-CC26-4544-9469-C7677DB42084}
	EndGlobalSection
EndGlobal
