
Microsoft Visual Studio Solution File, Format Version 12.00
# Visual Studio 14
VisualStudioVersion = 14.0.25123.0
MinimumVisualStudioVersion = 10.0.40219.1
Project("{8BB2217D-0F2D-49D1-97BC-3654ED321F3B}") = "Lemonade.Web", "src\Lemonade.Web\Lemonade.Web.xproj", "{862A2C73-1B40-4415-923C-EE37968235E3}"
EndProject
Project("{2150E333-8FDC-42A3-9474-1A3956D46DE8}") = "Source", "Source", "{B9AF6188-77A3-427D-8C09-CB44E05890EB}"
EndProject
Project("{2150E333-8FDC-42A3-9474-1A3956D46DE8}") = "Tests", "Tests", "{3F57F4A3-F473-498F-AAE1-7757494A505A}"
EndProject
Project("{8BB2217D-0F2D-49D1-97BC-3654ED321F3B}") = "Lemonade.Core", "src\Lemonade.Core\Lemonade.Core.xproj", "{446929F8-805D-44DB-B77C-2E990FD96C0D}"
EndProject
Project("{8BB2217D-0F2D-49D1-97BC-3654ED321F3B}") = "Lemonade", "src\Lemonade\Lemonade.xproj", "{B10ACB91-72C1-4FFB-A041-6F8104AE371E}"
EndProject
Project("{8BB2217D-0F2D-49D1-97BC-3654ED321F3B}") = "Lemonade.Web.Contracts", "src\Lemonade.Web.Contracts\Lemonade.Web.Contracts.xproj", "{1924BB71-3F06-4790-B6B5-461408EF6E07}"
EndProject
Project("{8BB2217D-0F2D-49D1-97BC-3654ED321F3B}") = "Lemonade.Web.Core", "src\Lemonade.Web.Core\Lemonade.Web.Core.xproj", "{E3110EEF-1E73-40A0-9CD5-05223E64F70E}"
EndProject
Project("{8BB2217D-0F2D-49D1-97BC-3654ED321F3B}") = "Lemonade.Data", "src\Lemonade.Data\Lemonade.Data.xproj", "{D5C8A936-922C-4ED3-880E-530A20299E9B}"
EndProject
Project("{8BB2217D-0F2D-49D1-97BC-3654ED321F3B}") = "Lemonade.Sql", "src\Lemonade.Sql\Lemonade.Sql.xproj", "{50E611F8-D133-4B61-86E2-1792FC64138D}"
EndProject
Project("{8BB2217D-0F2D-49D1-97BC-3654ED321F3B}") = "Lemonade.AcceptanceTests", "tests\Lemonade.AcceptanceTests\Lemonade.AcceptanceTests.xproj", "{4513FD34-3689-425B-A123-797BEADA9AB3}"
EndProject
Project("{8BB2217D-0F2D-49D1-97BC-3654ED321F3B}") = "Lemonade.Builders", "tests\Lemonade.Builders\Lemonade.Builders.xproj", "{75F67C20-26F6-48DB-AC1D-86051C27767D}"
EndProject
Project("{8BB2217D-0F2D-49D1-97BC-3654ED321F3B}") = "Lemonade.Fakes", "tests\Lemonade.Fakes\Lemonade.Fakes.xproj", "{BDD00C37-09AB-4216-A813-B0AB84A9D5BB}"
EndProject
Project("{8BB2217D-0F2D-49D1-97BC-3654ED321F3B}") = "Lemonade.Tests", "tests\Lemonade.Tests\Lemonade.Tests.xproj", "{1E3DBDF9-0B3B-4616-9376-063E533CFD7A}"
EndProject
Project("{8BB2217D-0F2D-49D1-97BC-3654ED321F3B}") = "Lemonade.Sql.Tests", "tests\Lemonade.Sql.Tests\Lemonade.Sql.Tests.xproj", "{4A30771A-9BAB-41DB-B827-1B10EB50B07B}"
EndProject
Project("{8BB2217D-0F2D-49D1-97BC-3654ED321F3B}") = "Lemonade.Web.Tests", "tests\Lemonade.Web.Tests\Lemonade.Web.Tests.xproj", "{3ECAAB1B-73E5-43DD-923A-1233CB9C2581}"
EndProject
Project("{2150E333-8FDC-42A3-9474-1A3956D46DE8}") = "Solution Items", "Solution Items", "{92EF4F97-B244-4E6F-B690-BD3B764F8579}"
	ProjectSection(SolutionItems) = preProject
		global.json = global.json
	EndProjectSection
EndProject
Global
	GlobalSection(SolutionConfigurationPlatforms) = preSolution
		Debug|Any CPU = Debug|Any CPU
		Release|Any CPU = Release|Any CPU
	EndGlobalSection
	GlobalSection(ProjectConfigurationPlatforms) = postSolution
		{862A2C73-1B40-4415-923C-EE37968235E3}.Debug|Any CPU.ActiveCfg = Debug|Any CPU
		{862A2C73-1B40-4415-923C-EE37968235E3}.Debug|Any CPU.Build.0 = Debug|Any CPU
		{862A2C73-1B40-4415-923C-EE37968235E3}.Release|Any CPU.ActiveCfg = Release|Any CPU
		{862A2C73-1B40-4415-923C-EE37968235E3}.Release|Any CPU.Build.0 = Release|Any CPU
		{446929F8-805D-44DB-B77C-2E990FD96C0D}.Debug|Any CPU.ActiveCfg = Debug|Any CPU
		{446929F8-805D-44DB-B77C-2E990FD96C0D}.Debug|Any CPU.Build.0 = Debug|Any CPU
		{446929F8-805D-44DB-B77C-2E990FD96C0D}.Release|Any CPU.ActiveCfg = Release|Any CPU
		{446929F8-805D-44DB-B77C-2E990FD96C0D}.Release|Any CPU.Build.0 = Release|Any CPU
		{B10ACB91-72C1-4FFB-A041-6F8104AE371E}.Debug|Any CPU.ActiveCfg = Debug|Any CPU
		{B10ACB91-72C1-4FFB-A041-6F8104AE371E}.Debug|Any CPU.Build.0 = Debug|Any CPU
		{B10ACB91-72C1-4FFB-A041-6F8104AE371E}.Release|Any CPU.ActiveCfg = Release|Any CPU
		{B10ACB91-72C1-4FFB-A041-6F8104AE371E}.Release|Any CPU.Build.0 = Release|Any CPU
		{1924BB71-3F06-4790-B6B5-461408EF6E07}.Debug|Any CPU.ActiveCfg = Debug|Any CPU
		{1924BB71-3F06-4790-B6B5-461408EF6E07}.Debug|Any CPU.Build.0 = Debug|Any CPU
		{1924BB71-3F06-4790-B6B5-461408EF6E07}.Release|Any CPU.ActiveCfg = Release|Any CPU
		{1924BB71-3F06-4790-B6B5-461408EF6E07}.Release|Any CPU.Build.0 = Release|Any CPU
		{E3110EEF-1E73-40A0-9CD5-05223E64F70E}.Debug|Any CPU.ActiveCfg = Debug|Any CPU
		{E3110EEF-1E73-40A0-9CD5-05223E64F70E}.Debug|Any CPU.Build.0 = Debug|Any CPU
		{E3110EEF-1E73-40A0-9CD5-05223E64F70E}.Release|Any CPU.ActiveCfg = Release|Any CPU
		{E3110EEF-1E73-40A0-9CD5-05223E64F70E}.Release|Any CPU.Build.0 = Release|Any CPU
		{D5C8A936-922C-4ED3-880E-530A20299E9B}.Debug|Any CPU.ActiveCfg = Debug|Any CPU
		{D5C8A936-922C-4ED3-880E-530A20299E9B}.Debug|Any CPU.Build.0 = Debug|Any CPU
		{D5C8A936-922C-4ED3-880E-530A20299E9B}.Release|Any CPU.ActiveCfg = Release|Any CPU
		{D5C8A936-922C-4ED3-880E-530A20299E9B}.Release|Any CPU.Build.0 = Release|Any CPU
		{50E611F8-D133-4B61-86E2-1792FC64138D}.Debug|Any CPU.ActiveCfg = Debug|Any CPU
		{50E611F8-D133-4B61-86E2-1792FC64138D}.Debug|Any CPU.Build.0 = Debug|Any CPU
		{50E611F8-D133-4B61-86E2-1792FC64138D}.Release|Any CPU.ActiveCfg = Release|Any CPU
		{50E611F8-D133-4B61-86E2-1792FC64138D}.Release|Any CPU.Build.0 = Release|Any CPU
		{4513FD34-3689-425B-A123-797BEADA9AB3}.Debug|Any CPU.ActiveCfg = Debug|Any CPU
		{4513FD34-3689-425B-A123-797BEADA9AB3}.Debug|Any CPU.Build.0 = Debug|Any CPU
		{4513FD34-3689-425B-A123-797BEADA9AB3}.Release|Any CPU.ActiveCfg = Release|Any CPU
		{4513FD34-3689-425B-A123-797BEADA9AB3}.Release|Any CPU.Build.0 = Release|Any CPU
		{75F67C20-26F6-48DB-AC1D-86051C27767D}.Debug|Any CPU.ActiveCfg = Debug|Any CPU
		{75F67C20-26F6-48DB-AC1D-86051C27767D}.Debug|Any CPU.Build.0 = Debug|Any CPU
		{75F67C20-26F6-48DB-AC1D-86051C27767D}.Release|Any CPU.ActiveCfg = Release|Any CPU
		{75F67C20-26F6-48DB-AC1D-86051C27767D}.Release|Any CPU.Build.0 = Release|Any CPU
		{BDD00C37-09AB-4216-A813-B0AB84A9D5BB}.Debug|Any CPU.ActiveCfg = Debug|Any CPU
		{BDD00C37-09AB-4216-A813-B0AB84A9D5BB}.Debug|Any CPU.Build.0 = Debug|Any CPU
		{BDD00C37-09AB-4216-A813-B0AB84A9D5BB}.Release|Any CPU.ActiveCfg = Release|Any CPU
		{BDD00C37-09AB-4216-A813-B0AB84A9D5BB}.Release|Any CPU.Build.0 = Release|Any CPU
		{1E3DBDF9-0B3B-4616-9376-063E533CFD7A}.Debug|Any CPU.ActiveCfg = Debug|Any CPU
		{1E3DBDF9-0B3B-4616-9376-063E533CFD7A}.Debug|Any CPU.Build.0 = Debug|Any CPU
		{1E3DBDF9-0B3B-4616-9376-063E533CFD7A}.Release|Any CPU.ActiveCfg = Release|Any CPU
		{1E3DBDF9-0B3B-4616-9376-063E533CFD7A}.Release|Any CPU.Build.0 = Release|Any CPU
		{4A30771A-9BAB-41DB-B827-1B10EB50B07B}.Debug|Any CPU.ActiveCfg = Debug|Any CPU
		{4A30771A-9BAB-41DB-B827-1B10EB50B07B}.Debug|Any CPU.Build.0 = Debug|Any CPU
		{4A30771A-9BAB-41DB-B827-1B10EB50B07B}.Release|Any CPU.ActiveCfg = Release|Any CPU
		{4A30771A-9BAB-41DB-B827-1B10EB50B07B}.Release|Any CPU.Build.0 = Release|Any CPU
		{3ECAAB1B-73E5-43DD-923A-1233CB9C2581}.Debug|Any CPU.ActiveCfg = Debug|Any CPU
		{3ECAAB1B-73E5-43DD-923A-1233CB9C2581}.Debug|Any CPU.Build.0 = Debug|Any CPU
		{3ECAAB1B-73E5-43DD-923A-1233CB9C2581}.Release|Any CPU.ActiveCfg = Release|Any CPU
		{3ECAAB1B-73E5-43DD-923A-1233CB9C2581}.Release|Any CPU.Build.0 = Release|Any CPU
	EndGlobalSection
	GlobalSection(SolutionProperties) = preSolution
		HideSolutionNode = FALSE
	EndGlobalSection
	GlobalSection(NestedProjects) = preSolution
		{862A2C73-1B40-4415-923C-EE37968235E3} = {B9AF6188-77A3-427D-8C09-CB44E05890EB}
		{446929F8-805D-44DB-B77C-2E990FD96C0D} = {B9AF6188-77A3-427D-8C09-CB44E05890EB}
		{B10ACB91-72C1-4FFB-A041-6F8104AE371E} = {B9AF6188-77A3-427D-8C09-CB44E05890EB}
		{1924BB71-3F06-4790-B6B5-461408EF6E07} = {B9AF6188-77A3-427D-8C09-CB44E05890EB}
		{E3110EEF-1E73-40A0-9CD5-05223E64F70E} = {B9AF6188-77A3-427D-8C09-CB44E05890EB}
		{D5C8A936-922C-4ED3-880E-530A20299E9B} = {B9AF6188-77A3-427D-8C09-CB44E05890EB}
		{50E611F8-D133-4B61-86E2-1792FC64138D} = {B9AF6188-77A3-427D-8C09-CB44E05890EB}
		{4513FD34-3689-425B-A123-797BEADA9AB3} = {3F57F4A3-F473-498F-AAE1-7757494A505A}
		{75F67C20-26F6-48DB-AC1D-86051C27767D} = {3F57F4A3-F473-498F-AAE1-7757494A505A}
		{BDD00C37-09AB-4216-A813-B0AB84A9D5BB} = {3F57F4A3-F473-498F-AAE1-7757494A505A}
		{1E3DBDF9-0B3B-4616-9376-063E533CFD7A} = {3F57F4A3-F473-498F-AAE1-7757494A505A}
		{4A30771A-9BAB-41DB-B827-1B10EB50B07B} = {3F57F4A3-F473-498F-AAE1-7757494A505A}
		{3ECAAB1B-73E5-43DD-923A-1233CB9C2581} = {3F57F4A3-F473-498F-AAE1-7757494A505A}
	EndGlobalSection
EndGlobal
