
Microsoft Visual Studio Solution File, Format Version 12.00
# Visual Studio 14
VisualStudioVersion = 14.0.23107.0
MinimumVisualStudioVersion = 10.0.40219.1
Project("{FAE04EC0-301F-11D3-BF4B-00C04F79EFBC}") = "Lemonade.Tests", "tests\Lemonade.Tests\Lemonade.Tests.csproj", "{2AD17D00-0D39-409E-9ED7-AE3C259DE846}"
EndProject
Project("{2150E333-8FDC-42A3-9474-1A3956D46DE8}") = "Source", "Source", "{C92253CB-CC26-4544-9469-C7677DB42084}"
EndProject
Project("{2150E333-8FDC-42A3-9474-1A3956D46DE8}") = "Tests", "Tests", "{87416585-33B0-4DEE-A807-57F5FA129A34}"
EndProject
Project("{FAE04EC0-301F-11D3-BF4B-00C04F79EFBC}") = "Lemonade.SqlServer", "src\Lemonade.SqlServer\Lemonade.SqlServer.csproj", "{06665811-5ED9-4088-81B2-805E80119772}"
EndProject
Project("{FAE04EC0-301F-11D3-BF4B-00C04F79EFBC}") = "Lemonade.Web", "src\Lemonade.Web\Lemonade.Web.csproj", "{F3F461B3-2FC8-4704-9A8E-7B9A490668C9}"
EndProject
Project("{FAE04EC0-301F-11D3-BF4B-00C04F79EFBC}") = "Lemonade.Data", "src\Lemonade.Data\Lemonade.Data.csproj", "{1D8325AC-51B7-4870-ADFE-B1B03B8921D8}"
EndProject
Project("{FAE04EC0-301F-11D3-BF4B-00C04F79EFBC}") = "Lemonade.Web.Tests", "tests\Lemonade.Web.Tests\Lemonade.Web.Tests.csproj", "{712BC1A0-D0FD-44EE-8091-F1567EC5B0DE}"
EndProject
Project("{FAE04EC0-301F-11D3-BF4B-00C04F79EFBC}") = "Lemonade", "src\Lemonade\Lemonade.csproj", "{A5518007-A595-4C05-91C8-077FFCB17FC2}"
EndProject
Global
	GlobalSection(SolutionConfigurationPlatforms) = preSolution
		Debug|Any CPU = Debug|Any CPU
		Release|Any CPU = Release|Any CPU
	EndGlobalSection
	GlobalSection(ProjectConfigurationPlatforms) = postSolution
		{2AD17D00-0D39-409E-9ED7-AE3C259DE846}.Debug|Any CPU.ActiveCfg = Debug|Any CPU
		{2AD17D00-0D39-409E-9ED7-AE3C259DE846}.Debug|Any CPU.Build.0 = Debug|Any CPU
		{2AD17D00-0D39-409E-9ED7-AE3C259DE846}.Release|Any CPU.ActiveCfg = Release|Any CPU
		{2AD17D00-0D39-409E-9ED7-AE3C259DE846}.Release|Any CPU.Build.0 = Release|Any CPU
		{06665811-5ED9-4088-81B2-805E80119772}.Debug|Any CPU.ActiveCfg = Debug|Any CPU
		{06665811-5ED9-4088-81B2-805E80119772}.Debug|Any CPU.Build.0 = Debug|Any CPU
		{06665811-5ED9-4088-81B2-805E80119772}.Release|Any CPU.ActiveCfg = Release|Any CPU
		{06665811-5ED9-4088-81B2-805E80119772}.Release|Any CPU.Build.0 = Release|Any CPU
		{F3F461B3-2FC8-4704-9A8E-7B9A490668C9}.Debug|Any CPU.ActiveCfg = Debug|Any CPU
		{F3F461B3-2FC8-4704-9A8E-7B9A490668C9}.Debug|Any CPU.Build.0 = Debug|Any CPU
		{F3F461B3-2FC8-4704-9A8E-7B9A490668C9}.Release|Any CPU.ActiveCfg = Release|Any CPU
		{F3F461B3-2FC8-4704-9A8E-7B9A490668C9}.Release|Any CPU.Build.0 = Release|Any CPU
		{1D8325AC-51B7-4870-ADFE-B1B03B8921D8}.Debug|Any CPU.ActiveCfg = Debug|Any CPU
		{1D8325AC-51B7-4870-ADFE-B1B03B8921D8}.Debug|Any CPU.Build.0 = Debug|Any CPU
		{1D8325AC-51B7-4870-ADFE-B1B03B8921D8}.Release|Any CPU.ActiveCfg = Release|Any CPU
		{1D8325AC-51B7-4870-ADFE-B1B03B8921D8}.Release|Any CPU.Build.0 = Release|Any CPU
		{712BC1A0-D0FD-44EE-8091-F1567EC5B0DE}.Debug|Any CPU.ActiveCfg = Debug|Any CPU
		{712BC1A0-D0FD-44EE-8091-F1567EC5B0DE}.Debug|Any CPU.Build.0 = Debug|Any CPU
		{712BC1A0-D0FD-44EE-8091-F1567EC5B0DE}.Release|Any CPU.ActiveCfg = Release|Any CPU
		{712BC1A0-D0FD-44EE-8091-F1567EC5B0DE}.Release|Any CPU.Build.0 = Release|Any CPU
		{A5518007-A595-4C05-91C8-077FFCB17FC2}.Debug|Any CPU.ActiveCfg = Debug|Any CPU
		{A5518007-A595-4C05-91C8-077FFCB17FC2}.Debug|Any CPU.Build.0 = Debug|Any CPU
		{A5518007-A595-4C05-91C8-077FFCB17FC2}.Release|Any CPU.ActiveCfg = Release|Any CPU
		{A5518007-A595-4C05-91C8-077FFCB17FC2}.Release|Any CPU.Build.0 = Release|Any CPU
	EndGlobalSection
	GlobalSection(SolutionProperties) = preSolution
		HideSolutionNode = FALSE
	EndGlobalSection
	GlobalSection(NestedProjects) = preSolution
		{2AD17D00-0D39-409E-9ED7-AE3C259DE846} = {87416585-33B0-4DEE-A807-57F5FA129A34}
		{06665811-5ED9-4088-81B2-805E80119772} = {C92253CB-CC26-4544-9469-C7677DB42084}
		{F3F461B3-2FC8-4704-9A8E-7B9A490668C9} = {C92253CB-CC26-4544-9469-C7677DB42084}
		{1D8325AC-51B7-4870-ADFE-B1B03B8921D8} = {C92253CB-CC26-4544-9469-C7677DB42084}
		{712BC1A0-D0FD-44EE-8091-F1567EC5B0DE} = {87416585-33B0-4DEE-A807-57F5FA129A34}
		{A5518007-A595-4C05-91C8-077FFCB17FC2} = {C92253CB-CC26-4544-9469-C7677DB42084}
	EndGlobalSection
EndGlobal
